
Microsoft Visual Studio Solution File, Format Version 12.00
# Visual Studio Version 17
VisualStudioVersion = 17.7.34221.43
MinimumVisualStudioVersion = 10.0.40219.1
Project("{FAE04EC0-301F-11D3-BF4B-00C04F79EFBC}") = "DashBoard_From", "DashBoard_From.csproj", "{3B04BEFF-0F50-44F3-A4F7-CE55CA3C58F9}"
EndProject
Global
	GlobalSection(SolutionConfigurationPlatforms) = preSolution
		Debug|Any CPU = Debug|Any CPU
		Release|Any CPU = Release|Any CPU
	EndGlobalSection
	GlobalSection(ProjectConfigurationPlatforms) = postSolution
		{3B04BEFF-0F50-44F3-A4F7-CE55CA3C58F9}.Debug|Any CPU.ActiveCfg = Debug|Any CPU
		{3B04BEFF-0F50-44F3-A4F7-CE55CA3C58F9}.Debug|Any CPU.Build.0 = Debug|Any CPU
		{3B04BEFF-0F50-44F3-A4F7-CE55CA3C58F9}.Release|Any CPU.ActiveCfg = Release|Any CPU
		{3B04BEFF-0F50-44F3-A4F7-CE55CA3C58F9}.Release|Any CPU.Build.0 = Release|Any CPU
	EndGlobalSection
	GlobalSection(SolutionProperties) = preSolution
		HideSolutionNode = FALSE
	EndGlobalSection
	GlobalSection(ExtensibilityGlobals) = postSolution
		SolutionGuid = {BF232812-AE8E-448A-89DD-DF477FD430B8}
	EndGlobalSection
EndGlobal
