
Microsoft Visual Studio Solution File, Format Version 12.00
# Visual Studio Version 17
VisualStudioVersion = 17.7.34221.43
MinimumVisualStudioVersion = 10.0.40219.1
Project("{9A19103F-16F7-4668-BE54-9A1E7A4F7556}") = "SignUp", "SignUp.csproj", "{5E33F295-E271-4C7F-AD8B-B97693931048}"
EndProject
Global
	GlobalSection(SolutionConfigurationPlatforms) = preSolution
		Debug|Any CPU = Debug|Any CPU
		Release|Any CPU = Release|Any CPU
	EndGlobalSection
	GlobalSection(ProjectConfigurationPlatforms) = postSolution
		{5E33F295-E271-4C7F-AD8B-B97693931048}.Debug|Any CPU.ActiveCfg = Debug|Any CPU
		{5E33F295-E271-4C7F-AD8B-B97693931048}.Debug|Any CPU.Build.0 = Debug|Any CPU
		{5E33F295-E271-4C7F-AD8B-B97693931048}.Release|Any CPU.ActiveCfg = Release|Any CPU
		{5E33F295-E271-4C7F-AD8B-B97693931048}.Release|Any CPU.Build.0 = Release|Any CPU
	EndGlobalSection
	GlobalSection(SolutionProperties) = preSolution
		HideSolutionNode = FALSE
	EndGlobalSection
	GlobalSection(ExtensibilityGlobals) = postSolution
		SolutionGuid = {6CAA4E36-2EF9-4DD7-A2F8-1519203551AE}
	EndGlobalSection
EndGlobal
